{
  "name": "x3d-example",
  "version": "1.0.0",
  "lockfileVersion": 1,
  "requires": true,
  "dependencies": {
    "three": {
      "version": "0.127.0",
      "resolved": "https://registry.npmjs.org/three/-/three-0.127.0.tgz",
      "integrity": "sha512-wtgrn+mhYUbobxT7QN3GPdu3SRpSBQvwY6uOzLChWS7QE//f7paDU/+wlzbg+ngeIvBBqjBHSRuywTh8A99Jng=="
    },
    "threejs-addons": {
      "version": "1.2.13",
      "resolved": "https://registry.npmjs.org/threejs-addons/-/threejs-addons-1.2.13.tgz",
      "integrity": "sha512-pQp3lX5g42Of5N8KfTUjzuybqxR+J4vUEBrWYVZWlw/dZMMQ/b6qxWDKbQL0rZgmYXVdyuaNKk/tnV6SezFO7w==",
      "requires": {
        "user": "0.0.0"
      }
    },
    "user": {
      "version": "0.0.0",
      "resolved": "https://registry.npmjs.org/user/-/user-0.0.0.tgz",
      "integrity": "sha1-8n8bI/xRHyqO+kDbVc+6Ejgk4Co="
    }
  }
}
